// !$*UTF8*$!
{
	archiveVersion = 1;
	classes = {
	};
	objectVersion = 46;
	objects = {

/* Begin PBXBuildFile section */
		1541D9571B87C49C00E5CDE5 /* AppDelegate.m in Sources */ = {isa = PBXBuildFile; fileRef = 1541D9561B87C49C00E5CDE5 /* AppDelegate.m */; };
		1541D9591B87C49C00E5CDE5 /* main.m in Sources */ = {isa = PBXBuildFile; fileRef = 1541D9581B87C49C00E5CDE5 /* main.m */; };
		1541D95C1B87C49C00E5CDE5 /* GameScene.m in Sources */ = {isa = PBXBuildFile; fileRef = 1541D95B1B87C49C00E5CDE5 /* GameScene.m */; };
		1541D95E1B87C49C00E5CDE5 /* GameScene.sks in Resources */ = {isa = PBXBuildFile; fileRef = 1541D95D1B87C49C00E5CDE5 /* GameScene.sks */; };
		1541D9601B87C49C00E5CDE5 /* Images.xcassets in Resources */ = {isa = PBXBuildFile; fileRef = 1541D95F1B87C49C00E5CDE5 /* Images.xcassets */; };
		1541D9631B87C49C00E5CDE5 /* MainMenu.xib in Resources */ = {isa = PBXBuildFile; fileRef = 1541D9611B87C49C00E5CDE5 /* MainMenu.xib */; };
		1541D96F1B87C49C00E5CDE5 /* Recursion_Tests.m in Sources */ = {isa = PBXBuildFile; fileRef = 1541D96E1B87C49C00E5CDE5 /* Recursion_Tests.m */; };
		1541D9791B87C61400E5CDE5 /* Controls.m in Sources */ = {isa = PBXBuildFile; fileRef = 1541D9781B87C61400E5CDE5 /* Controls.m */; };
		159F65E81B90B4AD00791F56 /* Room1Player.m in Sources */ = {isa = PBXBuildFile; fileRef = 159F65E71B90B4AD00791F56 /* Room1Player.m */; };
		15A37C291B8FC36300325096 /* PlatformerInstance.m in Sources */ = {isa = PBXBuildFile; fileRef = 15A37C281B8FC36300325096 /* PlatformerInstance.m */; };
		15EDF95F1B90FBD8001927A8 /* Solid.m in Sources */ = {isa = PBXBuildFile; fileRef = 15EDF95E1B90FBD8001927A8 /* Solid.m */; };
		15EDF9621B90FDB5001927A8 /* SpriteCreator.m in Sources */ = {isa = PBXBuildFile; fileRef = 15EDF9611B90FDB5001927A8 /* SpriteCreator.m */; };
		15EFCA501B8EBC5F0018FB65 /* objManager.m in Sources */ = {isa = PBXBuildFile; fileRef = 15EFCA4F1B8EBC5F0018FB65 /* objManager.m */; };
		15EFCA551B8EBF120018FB65 /* Instance.m in Sources */ = {isa = PBXBuildFile; fileRef = 15EFCA541B8EBF120018FB65 /* Instance.m */; };
/* End PBXBuildFile section */

/* Begin PBXContainerItemProxy section */
		1541D9691B87C49C00E5CDE5 /* PBXContainerItemProxy */ = {
			isa = PBXContainerItemProxy;
			containerPortal = 1541D9481B87C49C00E5CDE5 /* Project object */;
			proxyType = 1;
			remoteGlobalIDString = 1541D94F1B87C49C00E5CDE5;
			remoteInfo = "Recursion?";
		};
/* End PBXContainerItemProxy section */

/* Begin PBXFileReference section */
		1541D9501B87C49C00E5CDE5 /* Recursion?.app */ = {isa = PBXFileReference; explicitFileType = wrapper.application; includeInIndex = 0; path = "Recursion?.app"; sourceTree = BUILT_PRODUCTS_DIR; };
		1541D9541B87C49C00E5CDE5 /* Info.plist */ = {isa = PBXFileReference; lastKnownFileType = text.plist.xml; path = Info.plist; sourceTree = "<group>"; };
		1541D9551B87C49C00E5CDE5 /* AppDelegate.h */ = {isa = PBXFileReference; lastKnownFileType = sourcecode.c.h; path = AppDelegate.h; sourceTree = "<group>"; };
		1541D9561B87C49C00E5CDE5 /* AppDelegate.m */ = {isa = PBXFileReference; lastKnownFileType = sourcecode.c.objc; path = AppDelegate.m; sourceTree = "<group>"; };
		1541D9581B87C49C00E5CDE5 /* main.m */ = {isa = PBXFileReference; lastKnownFileType = sourcecode.c.objc; path = main.m; sourceTree = "<group>"; };
		1541D95A1B87C49C00E5CDE5 /* GameScene.h */ = {isa = PBXFileReference; lastKnownFileType = sourcecode.c.h; path = GameScene.h; sourceTree = "<group>"; };
		1541D95B1B87C49C00E5CDE5 /* GameScene.m */ = {isa = PBXFileReference; lastKnownFileType = sourcecode.c.objc; path = GameScene.m; sourceTree = "<group>"; };
		1541D95D1B87C49C00E5CDE5 /* GameScene.sks */ = {isa = PBXFileReference; lastKnownFileType = file.sks; path = GameScene.sks; sourceTree = "<group>"; };
		1541D95F1B87C49C00E5CDE5 /* Images.xcassets */ = {isa = PBXFileReference; lastKnownFileType = folder.assetcatalog; path = Images.xcassets; sourceTree = "<group>"; };
		1541D9621B87C49C00E5CDE5 /* Base */ = {isa = PBXFileReference; lastKnownFileType = file.xib; name = Base; path = Base.lproj/MainMenu.xib; sourceTree = "<group>"; };
		1541D9681B87C49C00E5CDE5 /* Recursion?Tests.xctest */ = {isa = PBXFileReference; explicitFileType = wrapper.cfbundle; includeInIndex = 0; path = "Recursion?Tests.xctest"; sourceTree = BUILT_PRODUCTS_DIR; };
		1541D96D1B87C49C00E5CDE5 /* Info.plist */ = {isa = PBXFileReference; lastKnownFileType = text.plist.xml; path = Info.plist; sourceTree = "<group>"; };
		1541D96E1B87C49C00E5CDE5 /* Recursion_Tests.m */ = {isa = PBXFileReference; lastKnownFileType = sourcecode.c.objc; path = Recursion_Tests.m; sourceTree = "<group>"; };
		1541D9781B87C61400E5CDE5 /* Controls.m */ = {isa = PBXFileReference; fileEncoding = 4; lastKnownFileType = sourcecode.c.objc; path = Controls.m; sourceTree = "<group>"; };
		1541D97A1B87C62800E5CDE5 /* Controls.h */ = {isa = PBXFileReference; lastKnownFileType = sourcecode.c.h; path = Controls.h; sourceTree = "<group>"; };
		159F65E61B90B48E00791F56 /* Room1Player.h */ = {isa = PBXFileReference; lastKnownFileType = sourcecode.c.h; name = Room1Player.h; path = "Instances/Room 1/Room1Player.h"; sourceTree = "<group>"; };
		159F65E71B90B4AD00791F56 /* Room1Player.m */ = {isa = PBXFileReference; fileEncoding = 4; lastKnownFileType = sourcecode.c.objc; name = Room1Player.m; path = "Instances/Room 1/Room1Player.m"; sourceTree = "<group>"; };
		15A37C271B8FC34F00325096 /* PlatformerInstance.h */ = {isa = PBXFileReference; lastKnownFileType = sourcecode.c.h; name = PlatformerInstance.h; path = Instances/PlatformerInstance.h; sourceTree = "<group>"; };
		15A37C281B8FC36300325096 /* PlatformerInstance.m */ = {isa = PBXFileReference; fileEncoding = 4; lastKnownFileType = sourcecode.c.objc; name = PlatformerInstance.m; path = Instances/PlatformerInstance.m; sourceTree = "<group>"; };
		15EB01601B90B6DA005CA0DD /* ControlEnum.h */ = {isa = PBXFileReference; lastKnownFileType = sourcecode.c.h; path = ControlEnum.h; sourceTree = "<group>"; };
		15EDF95D1B90FAC1001927A8 /* Solid.h */ = {isa = PBXFileReference; lastKnownFileType = sourcecode.c.h; name = Solid.h; path = Instances/Solid.h; sourceTree = "<group>"; };
		15EDF95E1B90FBD8001927A8 /* Solid.m */ = {isa = PBXFileReference; fileEncoding = 4; lastKnownFileType = sourcecode.c.objc; name = Solid.m; path = Instances/Solid.m; sourceTree = "<group>"; };
		15EDF9601B90FDA6001927A8 /* SpriteCreator.h */ = {isa = PBXFileReference; lastKnownFileType = sourcecode.c.h; path = SpriteCreator.h; sourceTree = "<group>"; };
		15EDF9611B90FDB5001927A8 /* SpriteCreator.m */ = {isa = PBXFileReference; fileEncoding = 4; lastKnownFileType = sourcecode.c.objc; path = SpriteCreator.m; sourceTree = "<group>"; };
		15EFCA4E1B8EBB9F0018FB65 /* objManager.h */ = {isa = PBXFileReference; lastKnownFileType = sourcecode.c.h; path = objManager.h; sourceTree = "<group>"; };
		15EFCA4F1B8EBC5F0018FB65 /* objManager.m */ = {isa = PBXFileReference; fileEncoding = 4; lastKnownFileType = sourcecode.c.objc; path = objManager.m; sourceTree = "<group>"; };
		15EFCA531B8EBED40018FB65 /* Instance.h */ = {isa = PBXFileReference; lastKnownFileType = sourcecode.c.h; name = Instance.h; path = Instances/Instance.h; sourceTree = "<group>"; };
		15EFCA541B8EBF120018FB65 /* Instance.m */ = {isa = PBXFileReference; fileEncoding = 4; lastKnownFileType = sourcecode.c.objc; name = Instance.m; path = Instances/Instance.m; sourceTree = "<group>"; };
/* End PBXFileReference section */

/* Begin PBXFrameworksBuildPhase section */
		1541D94D1B87C49C00E5CDE5 /* Frameworks */ = {
			isa = PBXFrameworksBuildPhase;
			buildActionMask = 2147483647;
			files = (
			);
			runOnlyForDeploymentPostprocessing = 0;
		};
		1541D9651B87C49C00E5CDE5 /* Frameworks */ = {
			isa = PBXFrameworksBuildPhase;
			buildActionMask = 2147483647;
			files = (
			);
			runOnlyForDeploymentPostprocessing = 0;
		};
/* End PBXFrameworksBuildPhase section */

/* Begin PBXGroup section */
		1541D9471B87C49C00E5CDE5 = {
			isa = PBXGroup;
			children = (
				1541D9521B87C49C00E5CDE5 /* Recursion? */,
				1541D96B1B87C49C00E5CDE5 /* Recursion?Tests */,
				1541D9511B87C49C00E5CDE5 /* Products */,
			);
			sourceTree = "<group>";
		};
		1541D9511B87C49C00E5CDE5 /* Products */ = {
			isa = PBXGroup;
			children = (
				1541D9501B87C49C00E5CDE5 /* Recursion?.app */,
				1541D9681B87C49C00E5CDE5 /* Recursion?Tests.xctest */,
			);
			name = Products;
			sourceTree = "<group>";
		};
		1541D9521B87C49C00E5CDE5 /* Recursion? */ = {
			isa = PBXGroup;
			children = (
				15EFCA4D1B8EBB800018FB65 /* Instances */,
				1541D9551B87C49C00E5CDE5 /* AppDelegate.h */,
				1541D9561B87C49C00E5CDE5 /* AppDelegate.m */,
				1541D95A1B87C49C00E5CDE5 /* GameScene.h */,
				1541D95B1B87C49C00E5CDE5 /* GameScene.m */,
				1541D95D1B87C49C00E5CDE5 /* GameScene.sks */,
				1541D95F1B87C49C00E5CDE5 /* Images.xcassets */,
				1541D9611B87C49C00E5CDE5 /* MainMenu.xib */,
				1541D9531B87C49C00E5CDE5 /* Supporting Files */,
				1541D97A1B87C62800E5CDE5 /* Controls.h */,
				1541D9781B87C61400E5CDE5 /* Controls.m */,
				15EB01601B90B6DA005CA0DD /* ControlEnum.h */,
				15EDF9601B90FDA6001927A8 /* SpriteCreator.h */,
				15EDF9611B90FDB5001927A8 /* SpriteCreator.m */,
			);
			path = "Recursion?";
			sourceTree = "<group>";
		};
		1541D9531B87C49C00E5CDE5 /* Supporting Files */ = {
			isa = PBXGroup;
			children = (
				1541D9541B87C49C00E5CDE5 /* Info.plist */,
				1541D9581B87C49C00E5CDE5 /* main.m */,
			);
			name = "Supporting Files";
			sourceTree = "<group>";
		};
		1541D96B1B87C49C00E5CDE5 /* Recursion?Tests */ = {
			isa = PBXGroup;
			children = (
				1541D96E1B87C49C00E5CDE5 /* Recursion_Tests.m */,
				1541D96C1B87C49C00E5CDE5 /* Supporting Files */,
			);
			path = "Recursion?Tests";
			sourceTree = "<group>";
		};
		1541D96C1B87C49C00E5CDE5 /* Supporting Files */ = {
			isa = PBXGroup;
			children = (
				1541D96D1B87C49C00E5CDE5 /* Info.plist */,
			);
			name = "Supporting Files";
			sourceTree = "<group>";
		};
		159F65E41B90B42800791F56 /* Room 1 */ = {
			isa = PBXGroup;
			children = (
				159F65E61B90B48E00791F56 /* Room1Player.h */,
				159F65E71B90B4AD00791F56 /* Room1Player.m */,
			);
			name = "Room 1";
			sourceTree = "<group>";
		};
		15EFCA4D1B8EBB800018FB65 /* Instances */ = {
			isa = PBXGroup;
			children = (
				159F65E41B90B42800791F56 /* Room 1 */,
				15EFCA4E1B8EBB9F0018FB65 /* objManager.h */,
				15EFCA4F1B8EBC5F0018FB65 /* objManager.m */,
				15EFCA531B8EBED40018FB65 /* Instance.h */,
				15EFCA541B8EBF120018FB65 /* Instance.m */,
				15A37C271B8FC34F00325096 /* PlatformerInstance.h */,
				15A37C281B8FC36300325096 /* PlatformerInstance.m */,
				15EDF95D1B90FAC1001927A8 /* Solid.h */,
				15EDF95E1B90FBD8001927A8 /* Solid.m */,
			);
			name = Instances;
			sourceTree = "<group>";
		};
/* End PBXGroup section */

/* Begin PBXNativeTarget section */
		1541D94F1B87C49C00E5CDE5 /* Recursion? */ = {
			isa = PBXNativeTarget;
			buildConfigurationList = 1541D9721B87C49C00E5CDE5 /* Build configuration list for PBXNativeTarget "Recursion?" */;
			buildPhases = (
				1541D94C1B87C49C00E5CDE5 /* Sources */,
				1541D94D1B87C49C00E5CDE5 /* Frameworks */,
				1541D94E1B87C49C00E5CDE5 /* Resources */,
			);
			buildRules = (
			);
			dependencies = (
			);
			name = "Recursion?";
			productName = "Recursion?";
			productReference = 1541D9501B87C49C00E5CDE5 /* Recursion?.app */;
			productType = "com.apple.product-type.application";
		};
		1541D9671B87C49C00E5CDE5 /* Recursion?Tests */ = {
			isa = PBXNativeTarget;
			buildConfigurationList = 1541D9751B87C49C00E5CDE5 /* Build configuration list for PBXNativeTarget "Recursion?Tests" */;
			buildPhases = (
				1541D9641B87C49C00E5CDE5 /* Sources */,
				1541D9651B87C49C00E5CDE5 /* Frameworks */,
				1541D9661B87C49C00E5CDE5 /* Resources */,
			);
			buildRules = (
			);
			dependencies = (
				1541D96A1B87C49C00E5CDE5 /* PBXTargetDependency */,
			);
			name = "Recursion?Tests";
			productName = "Recursion?Tests";
			productReference = 1541D9681B87C49C00E5CDE5 /* Recursion?Tests.xctest */;
			productType = "com.apple.product-type.bundle.unit-test";
		};
/* End PBXNativeTarget section */

/* Begin PBXProject section */
		1541D9481B87C49C00E5CDE5 /* Project object */ = {
			isa = PBXProject;
			attributes = {
				LastUpgradeCheck = 0640;
				ORGANIZATIONNAME = "Chance Roberts";
				TargetAttributes = {
					1541D94F1B87C49C00E5CDE5 = {
						CreatedOnToolsVersion = 6.4;
					};
					1541D9671B87C49C00E5CDE5 = {
						CreatedOnToolsVersion = 6.4;
						TestTargetID = 1541D94F1B87C49C00E5CDE5;
					};
				};
			};
			buildConfigurationList = 1541D94B1B87C49C00E5CDE5 /* Build configuration list for PBXProject "Recursion?" */;
			compatibilityVersion = "Xcode 3.2";
			developmentRegion = English;
			hasScannedForEncodings = 0;
			knownRegions = (
				en,
				Base,
			);
			mainGroup = 1541D9471B87C49C00E5CDE5;
			productRefGroup = 1541D9511B87C49C00E5CDE5 /* Products */;
			projectDirPath = "";
			projectRoot = "";
			targets = (
				1541D94F1B87C49C00E5CDE5 /* Recursion? */,
				1541D9671B87C49C00E5CDE5 /* Recursion?Tests */,
			);
		};
/* End PBXProject section */

/* Begin PBXResourcesBuildPhase section */
		1541D94E1B87C49C00E5CDE5 /* Resources */ = {
			isa = PBXResourcesBuildPhase;
			buildActionMask = 2147483647;
			files = (
				1541D95E1B87C49C00E5CDE5 /* GameScene.sks in Resources */,
				1541D9601B87C49C00E5CDE5 /* Images.xcassets in Resources */,
				1541D9631B87C49C00E5CDE5 /* MainMenu.xib in Resources */,
			);
			runOnlyForDeploymentPostprocessing = 0;
		};
		1541D9661B87C49C00E5CDE5 /* Resources */ = {
			isa = PBXResourcesBuildPhase;
			buildActionMask = 2147483647;
			files = (
			);
			runOnlyForDeploymentPostprocessing = 0;
		};
/* End PBXResourcesBuildPhase section */

/* Begin PBXSourcesBuildPhase section */
		1541D94C1B87C49C00E5CDE5 /* Sources */ = {
			isa = PBXSourcesBuildPhase;
			buildActionMask = 2147483647;
			files = (
				15EDF95F1B90FBD8001927A8 /* Solid.m in Sources */,
				1541D9591B87C49C00E5CDE5 /* main.m in Sources */,
				1541D9791B87C61400E5CDE5 /* Controls.m in Sources */,
				15EFCA551B8EBF120018FB65 /* Instance.m in Sources */,
				159F65E81B90B4AD00791F56 /* Room1Player.m in Sources */,
				15EFCA501B8EBC5F0018FB65 /* objManager.m in Sources */,
				1541D95C1B87C49C00E5CDE5 /* GameScene.m in Sources */,
				15EDF9621B90FDB5001927A8 /* SpriteCreator.m in Sources */,
				1541D9571B87C49C00E5CDE5 /* AppDelegate.m in Sources */,
				15A37C291B8FC36300325096 /* PlatformerInstance.m in Sources */,
			);
			runOnlyForDeploymentPostprocessing = 0;
		};
		1541D9641B87C49C00E5CDE5 /* Sources */ = {
			isa = PBXSourcesBuildPhase;
			buildActionMask = 2147483647;
			files = (
				1541D96F1B87C49C00E5CDE5 /* Recursion_Tests.m in Sources */,
			);
			runOnlyForDeploymentPostprocessing = 0;
		};
/* End PBXSourcesBuildPhase section */

/* Begin PBXTargetDependency section */
		1541D96A1B87C49C00E5CDE5 /* PBXTargetDependency */ = {
			isa = PBXTargetDependency;
			target = 1541D94F1B87C49C00E5CDE5 /* Recursion? */;
			targetProxy = 1541D9691B87C49C00E5CDE5 /* PBXContainerItemProxy */;
		};
/* End PBXTargetDependency section */

/* Begin PBXVariantGroup section */
		1541D9611B87C49C00E5CDE5 /* MainMenu.xib */ = {
			isa = PBXVariantGroup;
			children = (
				1541D9621B87C49C00E5CDE5 /* Base */,
			);
			name = MainMenu.xib;
			sourceTree = "<group>";
		};
/* End PBXVariantGroup section */

/* Begin XCBuildConfiguration section */
		1541D9701B87C49C00E5CDE5 /* Debug */ = {
			isa = XCBuildConfiguration;
			buildSettings = {
				ALWAYS_SEARCH_USER_PATHS = NO;
				CLANG_CXX_LANGUAGE_STANDARD = "gnu++0x";
				CLANG_CXX_LIBRARY = "libc++";
				CLANG_ENABLE_MODULES = YES;
				CLANG_ENABLE_OBJC_ARC = YES;
				CLANG_WARN_BOOL_CONVERSION = YES;
				CLANG_WARN_CONSTANT_CONVERSION = YES;
				CLANG_WARN_DIRECT_OBJC_ISA_USAGE = YES_ERROR;
				CLANG_WARN_EMPTY_BODY = YES;
				CLANG_WARN_ENUM_CONVERSION = YES;
				CLANG_WARN_INT_CONVERSION = YES;
				CLANG_WARN_OBJC_ROOT_CLASS = YES_ERROR;
				CLANG_WARN_UNREACHABLE_CODE = YES;
				CLANG_WARN__DUPLICATE_METHOD_MATCH = YES;
				CODE_SIGN_IDENTITY = "-";
				COPY_PHASE_STRIP = NO;
				DEBUG_INFORMATION_FORMAT = dwarf;
				ENABLE_STRICT_OBJC_MSGSEND = YES;
				GCC_C_LANGUAGE_STANDARD = gnu99;
				GCC_DYNAMIC_NO_PIC = NO;
				GCC_NO_COMMON_BLOCKS = YES;
				GCC_OPTIMIZATION_LEVEL = 0;
				GCC_PREPROCESSOR_DEFINITIONS = (
					"DEBUG=1",
					"$(inherited)",
				);
				GCC_SYMBOLS_PRIVATE_EXTERN = NO;
				GCC_WARN_64_TO_32_BIT_CONVERSION = YES;
				GCC_WARN_ABOUT_RETURN_TYPE = YES_ERROR;
				GCC_WARN_UNDECLARED_SELECTOR = YES;
				GCC_WARN_UNINITIALIZED_AUTOS = YES_AGGRESSIVE;
				GCC_WARN_UNUSED_FUNCTION = YES;
				GCC_WARN_UNUSED_VARIABLE = YES;
				MACOSX_DEPLOYMENT_TARGET = 10.10;
				MTL_ENABLE_DEBUG_INFO = YES;
				ONLY_ACTIVE_ARCH = YES;
				SDKROOT = macosx;
			};
			name = Debug;
		};
		1541D9711B87C49C00E5CDE5 /* Release */ = {
			isa = XCBuildConfiguration;
			buildSettings = {
				ALWAYS_SEARCH_USER_PATHS = NO;
				CLANG_CXX_LANGUAGE_STANDARD = "gnu++0x";
				CLANG_CXX_LIBRARY = "libc++";
				CLANG_ENABLE_MODULES = YES;
				CLANG_ENABLE_OBJC_ARC = YES;
				CLANG_WARN_BOOL_CONVERSION = YES;
				CLANG_WARN_CONSTANT_CONVERSION = YES;
				CLANG_WARN_DIRECT_OBJC_ISA_USAGE = YES_ERROR;
				CLANG_WARN_EMPTY_BODY = YES;
				CLANG_WARN_ENUM_CONVERSION = YES;
				CLANG_WARN_INT_CONVERSION = YES;
				CLANG_WARN_OBJC_ROOT_CLASS = YES_ERROR;
				CLANG_WARN_UNREACHABLE_CODE = YES;
				CLANG_WARN__DUPLICATE_METHOD_MATCH = YES;
				CODE_SIGN_IDENTITY = "-";
				COPY_PHASE_STRIP = NO;
				DEBUG_INFORMATION_FORMAT = "dwarf-with-dsym";
				ENABLE_NS_ASSERTIONS = NO;
				ENABLE_STRICT_OBJC_MSGSEND = YES;
				GCC_C_LANGUAGE_STANDARD = gnu99;
				GCC_NO_COMMON_BLOCKS = YES;
				GCC_WARN_64_TO_32_BIT_CONVERSION = YES;
				GCC_WARN_ABOUT_RETURN_TYPE = YES_ERROR;
				GCC_WARN_UNDECLARED_SELECTOR = YES;
				GCC_WARN_UNINITIALIZED_AUTOS = YES_AGGRESSIVE;
				GCC_WARN_UNUSED_FUNCTION = YES;
				GCC_WARN_UNUSED_VARIABLE = YES;
				MACOSX_DEPLOYMENT_TARGET = 10.10;
				MTL_ENABLE_DEBUG_INFO = NO;
				SDKROOT = macosx;
			};
			name = Release;
		};
		1541D9731B87C49C00E5CDE5 /* Debug */ = {
			isa = XCBuildConfiguration;
			buildSettings = {
				ASSETCATALOG_COMPILER_APPICON_NAME = AppIcon;
				COMBINE_HIDPI_IMAGES = YES;
				INFOPLIST_FILE = "Recursion?/Info.plist";
				LD_RUNPATH_SEARCH_PATHS = "$(inherited) @executable_path/../Frameworks";
				PRODUCT_NAME = "$(TARGET_NAME)";
			};
			name = Debug;
		};
		1541D9741B87C49C00E5CDE5 /* Release */ = {
			isa = XCBuildConfiguration;
			buildSettings = {
				ASSETCATALOG_COMPILER_APPICON_NAME = AppIcon;
				COMBINE_HIDPI_IMAGES = YES;
				INFOPLIST_FILE = "Recursion?/Info.plist";
				LD_RUNPATH_SEARCH_PATHS = "$(inherited) @executable_path/../Frameworks";
				PRODUCT_NAME = "$(TARGET_NAME)";
			};
			name = Release;
		};
		1541D9761B87C49C00E5CDE5 /* Debug */ = {
			isa = XCBuildConfiguration;
			buildSettings = {
				BUNDLE_LOADER = "$(TEST_HOST)";
				COMBINE_HIDPI_IMAGES = YES;
				FRAMEWORK_SEARCH_PATHS = (
					"$(DEVELOPER_FRAMEWORKS_DIR)",
					"$(inherited)",
				);
				GCC_PREPROCESSOR_DEFINITIONS = (
					"DEBUG=1",
					"$(inherited)",
				);
				INFOPLIST_FILE = "Recursion?Tests/Info.plist";
				LD_RUNPATH_SEARCH_PATHS = "$(inherited) @executable_path/../Frameworks @loader_path/../Frameworks";
				PRODUCT_NAME = "$(TARGET_NAME)";
				TEST_HOST = "$(BUILT_PRODUCTS_DIR)/Recursion?.app/Contents/MacOS/Recursion?";
			};
			name = Debug;
		};
		1541D9771B87C49C00E5CDE5 /* Release */ = {
			isa = XCBuildConfiguration;
			buildSettings = {
				BUNDLE_LOADER = "$(TEST_HOST)";
				COMBINE_HIDPI_IMAGES = YES;
				FRAMEWORK_SEARCH_PATHS = (
					"$(DEVELOPER_FRAMEWORKS_DIR)",
					"$(inherited)",
				);
				INFOPLIST_FILE = "Recursion?Tests/Info.plist";
				LD_RUNPATH_SEARCH_PATHS = "$(inherited) @executable_path/../Frameworks @loader_path/../Frameworks";
				PRODUCT_NAME = "$(TARGET_NAME)";
				TEST_HOST = "$(BUILT_PRODUCTS_DIR)/Recursion?.app/Contents/MacOS/Recursion?";
			};
			name = Release;
		};
/* End XCBuildConfiguration section */

/* Begin XCConfigurationList section */
		1541D94B1B87C49C00E5CDE5 /* Build configuration list for PBXProject "Recursion?" */ = {
			isa = XCConfigurationList;
			buildConfigurations = (
				1541D9701B87C49C00E5CDE5 /* Debug */,
				1541D9711B87C49C00E5CDE5 /* Release */,
			);
			defaultConfigurationIsVisible = 0;
			defaultConfigurationName = Release;
		};
		1541D9721B87C49C00E5CDE5 /* Build configuration list for PBXNativeTarget "Recursion?" */ = {
			isa = XCConfigurationList;
			buildConfigurations = (
				1541D9731B87C49C00E5CDE5 /* Debug */,
				1541D9741B87C49C00E5CDE5 /* Release */,
			);
			defaultConfigurationIsVisible = 0;
			defaultConfigurationName = Release;
		};
		1541D9751B87C49C00E5CDE5 /* Build configuration list for PBXNativeTarget "Recursion?Tests" */ = {
			isa = XCConfigurationList;
			buildConfigurations = (
				1541D9761B87C49C00E5CDE5 /* Debug */,
				1541D9771B87C49C00E5CDE5 /* Release */,
			);
			defaultConfigurationIsVisible = 0;
			defaultConfigurationName = Release;
		};
/* End XCConfigurationList section */
	};
	rootObject = 1541D9481B87C49C00E5CDE5 /* Project object */;
}
